
Microsoft Visual Studio Solution File, Format Version 12.00
# Visual Studio 15
VisualStudioVersion = 15.0.27130.2036
MinimumVisualStudioVersion = 10.0.40219.1
Project("{FAE04EC0-301F-11D3-BF4B-00C04F79EFBC}") = "Sortari", "Sortari\Sortari.csproj", "{8FDE6ABD-32D7-4B15-92A4-EF9D3506D8A6}"
EndProject
Project("{FAE04EC0-301F-11D3-BF4B-00C04F79EFBC}") = "Generari", "Generari\Generari.csproj", "{A77485F1-A8F8-4C20-AD22-1BE454ECD041}"
EndProject
Project("{FAE04EC0-301F-11D3-BF4B-00C04F79EFBC}") = "Graphs", "Graphs\Graphs.csproj", "{04D44F04-1673-46B5-AA50-CCED16362E08}"
EndProject
Global
	GlobalSection(SolutionConfigurationPlatforms) = preSolution
		Debug|Any CPU = Debug|Any CPU
		Release|Any CPU = Release|Any CPU
	EndGlobalSection
	GlobalSection(ProjectConfigurationPlatforms) = postSolution
		{8FDE6ABD-32D7-4B15-92A4-EF9D3506D8A6}.Debug|Any CPU.ActiveCfg = Debug|Any CPU
		{8FDE6ABD-32D7-4B15-92A4-EF9D3506D8A6}.Debug|Any CPU.Build.0 = Debug|Any CPU
		{8FDE6ABD-32D7-4B15-92A4-EF9D3506D8A6}.Release|Any CPU.ActiveCfg = Release|Any CPU
		{8FDE6ABD-32D7-4B15-92A4-EF9D3506D8A6}.Release|Any CPU.Build.0 = Release|Any CPU
		{A77485F1-A8F8-4C20-AD22-1BE454ECD041}.Debug|Any CPU.ActiveCfg = Debug|Any CPU
		{A77485F1-A8F8-4C20-AD22-1BE454ECD041}.Debug|Any CPU.Build.0 = Debug|Any CPU
		{A77485F1-A8F8-4C20-AD22-1BE454ECD041}.Release|Any CPU.ActiveCfg = Release|Any CPU
		{A77485F1-A8F8-4C20-AD22-1BE454ECD041}.Release|Any CPU.Build.0 = Release|Any CPU
		{04D44F04-1673-46B5-AA50-CCED16362E08}.Debug|Any CPU.ActiveCfg = Debug|Any CPU
		{04D44F04-1673-46B5-AA50-CCED16362E08}.Debug|Any CPU.Build.0 = Debug|Any CPU
		{04D44F04-1673-46B5-AA50-CCED16362E08}.Release|Any CPU.ActiveCfg = Release|Any CPU
		{04D44F04-1673-46B5-AA50-CCED16362E08}.Release|Any CPU.Build.0 = Release|Any CPU
	EndGlobalSection
	GlobalSection(SolutionProperties) = preSolution
		HideSolutionNode = FALSE
	EndGlobalSection
	GlobalSection(ExtensibilityGlobals) = postSolution
		SolutionGuid = {B2FFE06E-21E7-4ACD-A8EC-162383E93854}
	EndGlobalSection
EndGlobal
